// !$*UTF8*$!
{
	archiveVersion = 1;
	classes = {
	};
	objectVersion = 46;
	objects = {

/* Begin PBXBuildFile section */
		B19A9F9F199AF3AB004D6430 /* Foundation.framework in Frameworks */ = {isa = PBXBuildFile; fileRef = B19A9F9E199AF3AB004D6430 /* Foundation.framework */; };
		B19A9FA1199AF3AB004D6430 /* CoreGraphics.framework in Frameworks */ = {isa = PBXBuildFile; fileRef = B19A9FA0199AF3AB004D6430 /* CoreGraphics.framework */; };
		B19A9FA3199AF3AB004D6430 /* UIKit.framework in Frameworks */ = {isa = PBXBuildFile; fileRef = B19A9FA2199AF3AB004D6430 /* UIKit.framework */; };
		B19A9FA5199AF3AB004D6430 /* CoreData.framework in Frameworks */ = {isa = PBXBuildFile; fileRef = B19A9FA4199AF3AB004D6430 /* CoreData.framework */; };
		B19A9FAB199AF3AB004D6430 /* InfoPlist.strings in Resources */ = {isa = PBXBuildFile; fileRef = B19A9FA9199AF3AB004D6430 /* InfoPlist.strings */; };
		B19A9FAD199AF3AB004D6430 /* main.m in Sources */ = {isa = PBXBuildFile; fileRef = B19A9FAC199AF3AB004D6430 /* main.m */; };
		B19A9FB1199AF3AB004D6430 /* AppDelegate.m in Sources */ = {isa = PBXBuildFile; fileRef = B19A9FB0199AF3AB004D6430 /* AppDelegate.m */; };
		B19A9FB4199AF3AB004D6430 /* Main.storyboard in Resources */ = {isa = PBXBuildFile; fileRef = B19A9FB2199AF3AB004D6430 /* Main.storyboard */; };
		B19A9FB7199AF3AB004D6430 /* LostCharacterDatabase2.xcdatamodeld in Sources */ = {isa = PBXBuildFile; fileRef = B19A9FB5199AF3AB004D6430 /* LostCharacterDatabase2.xcdatamodeld */; };
		B19A9FBA199AF3AB004D6430 /* MasterViewController.m in Sources */ = {isa = PBXBuildFile; fileRef = B19A9FB9199AF3AB004D6430 /* MasterViewController.m */; };
		B19A9FBD199AF3AB004D6430 /* DetailViewController.m in Sources */ = {isa = PBXBuildFile; fileRef = B19A9FBC199AF3AB004D6430 /* DetailViewController.m */; };
		B19A9FBF199AF3AB004D6430 /* Images.xcassets in Resources */ = {isa = PBXBuildFile; fileRef = B19A9FBE199AF3AB004D6430 /* Images.xcassets */; };
		B19A9FC6199AF3AB004D6430 /* XCTest.framework in Frameworks */ = {isa = PBXBuildFile; fileRef = B19A9FC5199AF3AB004D6430 /* XCTest.framework */; };
		B19A9FC7199AF3AB004D6430 /* Foundation.framework in Frameworks */ = {isa = PBXBuildFile; fileRef = B19A9F9E199AF3AB004D6430 /* Foundation.framework */; };
		B19A9FC8199AF3AB004D6430 /* UIKit.framework in Frameworks */ = {isa = PBXBuildFile; fileRef = B19A9FA2199AF3AB004D6430 /* UIKit.framework */; };
		B19A9FC9199AF3AB004D6430 /* CoreData.framework in Frameworks */ = {isa = PBXBuildFile; fileRef = B19A9FA4199AF3AB004D6430 /* CoreData.framework */; };
		B19A9FD1199AF3AB004D6430 /* InfoPlist.strings in Resources */ = {isa = PBXBuildFile; fileRef = B19A9FCF199AF3AB004D6430 /* InfoPlist.strings */; };
		B19A9FD3199AF3AB004D6430 /* LostCharacterDatabase2Tests.m in Sources */ = {isa = PBXBuildFile; fileRef = B19A9FD2199AF3AB004D6430 /* LostCharacterDatabase2Tests.m */; };
		B19A9FDE199AF42D004D6430 /* Character.m in Sources */ = {isa = PBXBuildFile; fileRef = B19A9FDD199AF42D004D6430 /* Character.m */; };
/* End PBXBuildFile section */

/* Begin PBXContainerItemProxy section */
		B19A9FCA199AF3AB004D6430 /* PBXContainerItemProxy */ = {
			isa = PBXContainerItemProxy;
			containerPortal = B19A9F93199AF3AB004D6430 /* Project object */;
			proxyType = 1;
			remoteGlobalIDString = B19A9F9A199AF3AB004D6430;
			remoteInfo = LostCharacterDatabase2;
		};
/* End PBXContainerItemProxy section */

/* Begin PBXFileReference section */
		B19A9F9B199AF3AB004D6430 /* LostCharacterDatabase2.app */ = {isa = PBXFileReference; explicitFileType = wrapper.application; includeInIndex = 0; path = LostCharacterDatabase2.app; sourceTree = BUILT_PRODUCTS_DIR; };
		B19A9F9E199AF3AB004D6430 /* Foundation.framework */ = {isa = PBXFileReference; lastKnownFileType = wrapper.framework; name = Foundation.framework; path = System/Library/Frameworks/Foundation.framework; sourceTree = SDKROOT; };
		B19A9FA0199AF3AB004D6430 /* CoreGraphics.framework */ = {isa = PBXFileReference; lastKnownFileType = wrapper.framework; name = CoreGraphics.framework; path = System/Library/Frameworks/CoreGraphics.framework; sourceTree = SDKROOT; };
		B19A9FA2199AF3AB004D6430 /* UIKit.framework */ = {isa = PBXFileReference; lastKnownFileType = wrapper.framework; name = UIKit.framework; path = System/Library/Frameworks/UIKit.framework; sourceTree = SDKROOT; };
		B19A9FA4199AF3AB004D6430 /* CoreData.framework */ = {isa = PBXFileReference; lastKnownFileType = wrapper.framework; name = CoreData.framework; path = System/Library/Frameworks/CoreData.framework; sourceTree = SDKROOT; };
		B19A9FA8199AF3AB004D6430 /* LostCharacterDatabase2-Info.plist */ = {isa = PBXFileReference; lastKnownFileType = text.plist.xml; path = "LostCharacterDatabase2-Info.plist"; sourceTree = "<group>"; };
		B19A9FAA199AF3AB004D6430 /* en */ = {isa = PBXFileReference; lastKnownFileType = text.plist.strings; name = en; path = en.lproj/InfoPlist.strings; sourceTree = "<group>"; };
		B19A9FAC199AF3AB004D6430 /* main.m */ = {isa = PBXFileReference; lastKnownFileType = sourcecode.c.objc; path = main.m; sourceTree = "<group>"; };
		B19A9FAE199AF3AB004D6430 /* LostCharacterDatabase2-Prefix.pch */ = {isa = PBXFileReference; lastKnownFileType = sourcecode.c.h; path = "LostCharacterDatabase2-Prefix.pch"; sourceTree = "<group>"; };
		B19A9FAF199AF3AB004D6430 /* AppDelegate.h */ = {isa = PBXFileReference; lastKnownFileType = sourcecode.c.h; path = AppDelegate.h; sourceTree = "<group>"; };
		B19A9FB0199AF3AB004D6430 /* AppDelegate.m */ = {isa = PBXFileReference; lastKnownFileType = sourcecode.c.objc; path = AppDelegate.m; sourceTree = "<group>"; };
		B19A9FB3199AF3AB004D6430 /* Base */ = {isa = PBXFileReference; lastKnownFileType = file.storyboard; name = Base; path = Base.lproj/Main.storyboard; sourceTree = "<group>"; };
		B19A9FB6199AF3AB004D6430 /* LostCharacterDatabase2.xcdatamodel */ = {isa = PBXFileReference; lastKnownFileType = wrapper.xcdatamodel; path = LostCharacterDatabase2.xcdatamodel; sourceTree = "<group>"; };
		B19A9FB8199AF3AB004D6430 /* MasterViewController.h */ = {isa = PBXFileReference; lastKnownFileType = sourcecode.c.h; path = MasterViewController.h; sourceTree = "<group>"; };
		B19A9FB9199AF3AB004D6430 /* MasterViewController.m */ = {isa = PBXFileReference; lastKnownFileType = sourcecode.c.objc; path = MasterViewController.m; sourceTree = "<group>"; };
		B19A9FBB199AF3AB004D6430 /* DetailViewController.h */ = {isa = PBXFileReference; lastKnownFileType = sourcecode.c.h; path = DetailViewController.h; sourceTree = "<group>"; };
		B19A9FBC199AF3AB004D6430 /* DetailViewController.m */ = {isa = PBXFileReference; lastKnownFileType = sourcecode.c.objc; path = DetailViewController.m; sourceTree = "<group>"; };
		B19A9FBE199AF3AB004D6430 /* Images.xcassets */ = {isa = PBXFileReference; lastKnownFileType = folder.assetcatalog; path = Images.xcassets; sourceTree = "<group>"; };
		B19A9FC4199AF3AB004D6430 /* LostCharacterDatabase2Tests.xctest */ = {isa = PBXFileReference; explicitFileType = wrapper.cfbundle; includeInIndex = 0; path = LostCharacterDatabase2Tests.xctest; sourceTree = BUILT_PRODUCTS_DIR; };
		B19A9FC5199AF3AB004D6430 /* XCTest.framework */ = {isa = PBXFileReference; lastKnownFileType = wrapper.framework; name = XCTest.framework; path = Library/Frameworks/XCTest.framework; sourceTree = DEVELOPER_DIR; };
		B19A9FCE199AF3AB004D6430 /* LostCharacterDatabase2Tests-Info.plist */ = {isa = PBXFileReference; lastKnownFileType = text.plist.xml; path = "LostCharacterDatabase2Tests-Info.plist"; sourceTree = "<group>"; };
		B19A9FD0199AF3AB004D6430 /* en */ = {isa = PBXFileReference; lastKnownFileType = text.plist.strings; name = en; path = en.lproj/InfoPlist.strings; sourceTree = "<group>"; };
		B19A9FD2199AF3AB004D6430 /* LostCharacterDatabase2Tests.m */ = {isa = PBXFileReference; lastKnownFileType = sourcecode.c.objc; path = LostCharacterDatabase2Tests.m; sourceTree = "<group>"; };
		B19A9FDC199AF42D004D6430 /* Character.h */ = {isa = PBXFileReference; fileEncoding = 4; lastKnownFileType = sourcecode.c.h; path = Character.h; sourceTree = "<group>"; };
		B19A9FDD199AF42D004D6430 /* Character.m */ = {isa = PBXFileReference; fileEncoding = 4; lastKnownFileType = sourcecode.c.objc; path = Character.m; sourceTree = "<group>"; };
/* End PBXFileReference section */

/* Begin PBXFrameworksBuildPhase section */
		B19A9F98199AF3AB004D6430 /* Frameworks */ = {
			isa = PBXFrameworksBuildPhase;
			buildActionMask = 2147483647;
			files = (
				B19A9FA1199AF3AB004D6430 /* CoreGraphics.framework in Frameworks */,
				B19A9FA5199AF3AB004D6430 /* CoreData.framework in Frameworks */,
				B19A9FA3199AF3AB004D6430 /* UIKit.framework in Frameworks */,
				B19A9F9F199AF3AB004D6430 /* Foundation.framework in Frameworks */,
			);
			runOnlyForDeploymentPostprocessing = 0;
		};
		B19A9FC1199AF3AB004D6430 /* Frameworks */ = {
			isa = PBXFrameworksBuildPhase;
			buildActionMask = 2147483647;
			files = (
				B19A9FC6199AF3AB004D6430 /* XCTest.framework in Frameworks */,
				B19A9FC9199AF3AB004D6430 /* CoreData.framework in Frameworks */,
				B19A9FC8199AF3AB004D6430 /* UIKit.framework in Frameworks */,
				B19A9FC7199AF3AB004D6430 /* Foundation.framework in Frameworks */,
			);
			runOnlyForDeploymentPostprocessing = 0;
		};
/* End PBXFrameworksBuildPhase section */

/* Begin PBXGroup section */
		B19A9F92199AF3AB004D6430 = {
			isa = PBXGroup;
			children = (
				B19A9FA6199AF3AB004D6430 /* LostCharacterDatabase2 */,
				B19A9FCC199AF3AB004D6430 /* LostCharacterDatabase2Tests */,
				B19A9F9D199AF3AB004D6430 /* Frameworks */,
				B19A9F9C199AF3AB004D6430 /* Products */,
			);
			sourceTree = "<group>";
		};
		B19A9F9C199AF3AB004D6430 /* Products */ = {
			isa = PBXGroup;
			children = (
				B19A9F9B199AF3AB004D6430 /* LostCharacterDatabase2.app */,
				B19A9FC4199AF3AB004D6430 /* LostCharacterDatabase2Tests.xctest */,
			);
			name = Products;
			sourceTree = "<group>";
		};
		B19A9F9D199AF3AB004D6430 /* Frameworks */ = {
			isa = PBXGroup;
			children = (
				B19A9F9E199AF3AB004D6430 /* Foundation.framework */,
				B19A9FA0199AF3AB004D6430 /* CoreGraphics.framework */,
				B19A9FA2199AF3AB004D6430 /* UIKit.framework */,
				B19A9FA4199AF3AB004D6430 /* CoreData.framework */,
				B19A9FC5199AF3AB004D6430 /* XCTest.framework */,
			);
			name = Frameworks;
			sourceTree = "<group>";
		};
		B19A9FA6199AF3AB004D6430 /* LostCharacterDatabase2 */ = {
			isa = PBXGroup;
			children = (
				B19A9FAF199AF3AB004D6430 /* AppDelegate.h */,
				B19A9FB0199AF3AB004D6430 /* AppDelegate.m */,
				B19A9FB2199AF3AB004D6430 /* Main.storyboard */,
				B19A9FB8199AF3AB004D6430 /* MasterViewController.h */,
				B19A9FB9199AF3AB004D6430 /* MasterViewController.m */,
				B19A9FBB199AF3AB004D6430 /* DetailViewController.h */,
				B19A9FBC199AF3AB004D6430 /* DetailViewController.m */,
				B19A9FBE199AF3AB004D6430 /* Images.xcassets */,
				B19A9FB5199AF3AB004D6430 /* LostCharacterDatabase2.xcdatamodeld */,
				B19A9FDC199AF42D004D6430 /* Character.h */,
				B19A9FDD199AF42D004D6430 /* Character.m */,
				B19A9FA7199AF3AB004D6430 /* Supporting Files */,
			);
			path = LostCharacterDatabase2;
			sourceTree = "<group>";
		};
		B19A9FA7199AF3AB004D6430 /* Supporting Files */ = {
			isa = PBXGroup;
			children = (
				B19A9FA8199AF3AB004D6430 /* LostCharacterDatabase2-Info.plist */,
				B19A9FA9199AF3AB004D6430 /* InfoPlist.strings */,
				B19A9FAC199AF3AB004D6430 /* main.m */,
				B19A9FAE199AF3AB004D6430 /* LostCharacterDatabase2-Prefix.pch */,
			);
			name = "Supporting Files";
			sourceTree = "<group>";
		};
		B19A9FCC199AF3AB004D6430 /* LostCharacterDatabase2Tests */ = {
			isa = PBXGroup;
			children = (
				B19A9FD2199AF3AB004D6430 /* LostCharacterDatabase2Tests.m */,
				B19A9FCD199AF3AB004D6430 /* Supporting Files */,
			);
			path = LostCharacterDatabase2Tests;
			sourceTree = "<group>";
		};
		B19A9FCD199AF3AB004D6430 /* Supporting Files */ = {
			isa = PBXGroup;
			children = (
				B19A9FCE199AF3AB004D6430 /* LostCharacterDatabase2Tests-Info.plist */,
				B19A9FCF199AF3AB004D6430 /* InfoPlist.strings */,
			);
			name = "Supporting Files";
			sourceTree = "<group>";
		};
/* End PBXGroup section */

/* Begin PBXNativeTarget section */
		B19A9F9A199AF3AB004D6430 /* LostCharacterDatabase2 */ = {
			isa = PBXNativeTarget;
			buildConfigurationList = B19A9FD6199AF3AB004D6430 /* Build configuration list for PBXNativeTarget "LostCharacterDatabase2" */;
			buildPhases = (
				B19A9F97199AF3AB004D6430 /* Sources */,
				B19A9F98199AF3AB004D6430 /* Frameworks */,
				B19A9F99199AF3AB004D6430 /* Resources */,
			);
			buildRules = (
			);
			dependencies = (
			);
			name = LostCharacterDatabase2;
			productName = LostCharacterDatabase2;
			productReference = B19A9F9B199AF3AB004D6430 /* LostCharacterDatabase2.app */;
			productType = "com.apple.product-type.application";
		};
		B19A9FC3199AF3AB004D6430 /* LostCharacterDatabase2Tests */ = {
			isa = PBXNativeTarget;
			buildConfigurationList = B19A9FD9199AF3AB004D6430 /* Build configuration list for PBXNativeTarget "LostCharacterDatabase2Tests" */;
			buildPhases = (
				B19A9FC0199AF3AB004D6430 /* Sources */,
				B19A9FC1199AF3AB004D6430 /* Frameworks */,
				B19A9FC2199AF3AB004D6430 /* Resources */,
			);
			buildRules = (
			);
			dependencies = (
				B19A9FCB199AF3AB004D6430 /* PBXTargetDependency */,
			);
			name = LostCharacterDatabase2Tests;
			productName = LostCharacterDatabase2Tests;
			productReference = B19A9FC4199AF3AB004D6430 /* LostCharacterDatabase2Tests.xctest */;
			productType = "com.apple.product-type.bundle.unit-test";
		};
/* End PBXNativeTarget section */

/* Begin PBXProject section */
		B19A9F93199AF3AB004D6430 /* Project object */ = {
			isa = PBXProject;
			attributes = {
				LastUpgradeCheck = 0510;
				ORGANIZATIONNAME = "Chris Snyder";
				TargetAttributes = {
					B19A9FC3199AF3AB004D6430 = {
						TestTargetID = B19A9F9A199AF3AB004D6430;
					};
				};
			};
			buildConfigurationList = B19A9F96199AF3AB004D6430 /* Build configuration list for PBXProject "LostCharacterDatabase2" */;
			compatibilityVersion = "Xcode 3.2";
			developmentRegion = English;
			hasScannedForEncodings = 0;
			knownRegions = (
				en,
				Base,
			);
			mainGroup = B19A9F92199AF3AB004D6430;
			productRefGroup = B19A9F9C199AF3AB004D6430 /* Products */;
			projectDirPath = "";
			projectRoot = "";
			targets = (
				B19A9F9A199AF3AB004D6430 /* LostCharacterDatabase2 */,
				B19A9FC3199AF3AB004D6430 /* LostCharacterDatabase2Tests */,
			);
		};
/* End PBXProject section */

/* Begin PBXResourcesBuildPhase section */
		B19A9F99199AF3AB004D6430 /* Resources */ = {
			isa = PBXResourcesBuildPhase;
			buildActionMask = 2147483647;
			files = (
				B19A9FBF199AF3AB004D6430 /* Images.xcassets in Resources */,
				B19A9FAB199AF3AB004D6430 /* InfoPlist.strings in Resources */,
				B19A9FB4199AF3AB004D6430 /* Main.storyboard in Resources */,
			);
			runOnlyForDeploymentPostprocessing = 0;
		};
		B19A9FC2199AF3AB004D6430 /* Resources */ = {
			isa = PBXResourcesBuildPhase;
			buildActionMask = 2147483647;
			files = (
				B19A9FD1199AF3AB004D6430 /* InfoPlist.strings in Resources */,
			);
			runOnlyForDeploymentPostprocessing = 0;
		};
/* End PBXResourcesBuildPhase section */

/* Begin PBXSourcesBuildPhase section */
		B19A9F97199AF3AB004D6430 /* Sources */ = {
			isa = PBXSourcesBuildPhase;
			buildActionMask = 2147483647;
			files = (
				B19A9FBD199AF3AB004D6430 /* DetailViewController.m in Sources */,
				B19A9FBA199AF3AB004D6430 /* MasterViewController.m in Sources */,
				B19A9FB1199AF3AB004D6430 /* AppDelegate.m in Sources */,
				B19A9FB7199AF3AB004D6430 /* LostCharacterDatabase2.xcdatamodeld in Sources */,
				B19A9FAD199AF3AB004D6430 /* main.m in Sources */,
				B19A9FDE199AF42D004D6430 /* Character.m in Sources */,
			);
			runOnlyForDeploymentPostprocessing = 0;
		};
		B19A9FC0199AF3AB004D6430 /* Sources */ = {
			isa = PBXSourcesBuildPhase;
			buildActionMask = 2147483647;
			files = (
				B19A9FD3199AF3AB004D6430 /* LostCharacterDatabase2Tests.m in Sources */,
			);
			runOnlyForDeploymentPostprocessing = 0;
		};
/* End PBXSourcesBuildPhase section */

/* Begin PBXTargetDependency section */
		B19A9FCB199AF3AB004D6430 /* PBXTargetDependency */ = {
			isa = PBXTargetDependency;
			target = B19A9F9A199AF3AB004D6430 /* LostCharacterDatabase2 */;
			targetProxy = B19A9FCA199AF3AB004D6430 /* PBXContainerItemProxy */;
		};
/* End PBXTargetDependency section */

/* Begin PBXVariantGroup section */
		B19A9FA9199AF3AB004D6430 /* InfoPlist.strings */ = {
			isa = PBXVariantGroup;
			children = (
				B19A9FAA199AF3AB004D6430 /* en */,
			);
			name = InfoPlist.strings;
			sourceTree = "<group>";
		};
		B19A9FB2199AF3AB004D6430 /* Main.storyboard */ = {
			isa = PBXVariantGroup;
			children = (
				B19A9FB3199AF3AB004D6430 /* Base */,
			);
			name = Main.storyboard;
			sourceTree = "<group>";
		};
		B19A9FCF199AF3AB004D6430 /* InfoPlist.strings */ = {
			isa = PBXVariantGroup;
			children = (
				B19A9FD0199AF3AB004D6430 /* en */,
			);
			name = InfoPlist.strings;
			sourceTree = "<group>";
		};
/* End PBXVariantGroup section */

/* Begin XCBuildConfiguration section */
		B19A9FD4199AF3AB004D6430 /* Debug */ = {
			isa = XCBuildConfiguration;
			buildSettings = {
				ALWAYS_SEARCH_USER_PATHS = NO;
				CLANG_CXX_LANGUAGE_STANDARD = "gnu++0x";
				CLANG_CXX_LIBRARY = "libc++";
				CLANG_ENABLE_MODULES = YES;
				CLANG_ENABLE_OBJC_ARC = YES;
				CLANG_WARN_BOOL_CONVERSION = YES;
				CLANG_WARN_CONSTANT_CONVERSION = YES;
				CLANG_WARN_DIRECT_OBJC_ISA_USAGE = YES_ERROR;
				CLANG_WARN_EMPTY_BODY = YES;
				CLANG_WARN_ENUM_CONVERSION = YES;
				CLANG_WARN_INT_CONVERSION = YES;
				CLANG_WARN_OBJC_ROOT_CLASS = YES_ERROR;
				CLANG_WARN__DUPLICATE_METHOD_MATCH = YES;
				"CODE_SIGN_IDENTITY[sdk=iphoneos*]" = "iPhone Developer";
				COPY_PHASE_STRIP = NO;
				GCC_C_LANGUAGE_STANDARD = gnu99;
				GCC_DYNAMIC_NO_PIC = NO;
				GCC_OPTIMIZATION_LEVEL = 0;
				GCC_PREPROCESSOR_DEFINITIONS = (
					"DEBUG=1",
					"$(inherited)",
				);
				GCC_SYMBOLS_PRIVATE_EXTERN = NO;
				GCC_WARN_64_TO_32_BIT_CONVERSION = YES;
				GCC_WARN_ABOUT_RETURN_TYPE = YES_ERROR;
				GCC_WARN_UNDECLARED_SELECTOR = YES;
				GCC_WARN_UNINITIALIZED_AUTOS = YES_AGGRESSIVE;
				GCC_WARN_UNUSED_FUNCTION = YES;
				GCC_WARN_UNUSED_VARIABLE = YES;
				IPHONEOS_DEPLOYMENT_TARGET = 7.1;
				ONLY_ACTIVE_ARCH = YES;
				SDKROOT = iphoneos;
			};
			name = Debug;
		};
		B19A9FD5199AF3AB004D6430 /* Release */ = {
			isa = XCBuildConfiguration;
			buildSettings = {
				ALWAYS_SEARCH_USER_PATHS = NO;
				CLANG_CXX_LANGUAGE_STANDARD = "gnu++0x";
				CLANG_CXX_LIBRARY = "libc++";
				CLANG_ENABLE_MODULES = YES;
				CLANG_ENABLE_OBJC_ARC = YES;
				CLANG_WARN_BOOL_CONVERSION = YES;
				CLANG_WARN_CONSTANT_CONVERSION = YES;
				CLANG_WARN_DIRECT_OBJC_ISA_USAGE = YES_ERROR;
				CLANG_WARN_EMPTY_BODY = YES;
				CLANG_WARN_ENUM_CONVERSION = YES;
				CLANG_WARN_INT_CONVERSION = YES;
				CLANG_WARN_OBJC_ROOT_CLASS = YES_ERROR;
				CLANG_WARN__DUPLICATE_METHOD_MATCH = YES;
				"CODE_SIGN_IDENTITY[sdk=iphoneos*]" = "iPhone Developer";
				COPY_PHASE_STRIP = YES;
				ENABLE_NS_ASSERTIONS = NO;
				GCC_C_LANGUAGE_STANDARD = gnu99;
				GCC_WARN_64_TO_32_BIT_CONVERSION = YES;
				GCC_WARN_ABOUT_RETURN_TYPE = YES_ERROR;
				GCC_WARN_UNDECLARED_SELECTOR = YES;
				GCC_WARN_UNINITIALIZED_AUTOS = YES_AGGRESSIVE;
				GCC_WARN_UNUSED_FUNCTION = YES;
				GCC_WARN_UNUSED_VARIABLE = YES;
				IPHONEOS_DEPLOYMENT_TARGET = 7.1;
				SDKROOT = iphoneos;
				VALIDATE_PRODUCT = YES;
			};
			name = Release;
		};
		B19A9FD7199AF3AB004D6430 /* Debug */ = {
			isa = XCBuildConfiguration;
			buildSettings = {
				ASSETCATALOG_COMPILER_APPICON_NAME = AppIcon;
				ASSETCATALOG_COMPILER_LAUNCHIMAGE_NAME = LaunchImage;
				GCC_PRECOMPILE_PREFIX_HEADER = YES;
				GCC_PREFIX_HEADER = "LostCharacterDatabase2/LostCharacterDatabase2-Prefix.pch";
				INFOPLIST_FILE = "LostCharacterDatabase2/LostCharacterDatabase2-Info.plist";
				PRODUCT_NAME = "$(TARGET_NAME)";
				WRAPPER_EXTENSION = app;
			};
			name = Debug;
		};
		B19A9FD8199AF3AB004D6430 /* Release */ = {
			isa = XCBuildConfiguration;
			buildSettings = {
				ASSETCATALOG_COMPILER_APPICON_NAME = AppIcon;
				ASSETCATALOG_COMPILER_LAUNCHIMAGE_NAME = LaunchImage;
				GCC_PRECOMPILE_PREFIX_HEADER = YES;
				GCC_PREFIX_HEADER = "LostCharacterDatabase2/LostCharacterDatabase2-Prefix.pch";
				INFOPLIST_FILE = "LostCharacterDatabase2/LostCharacterDatabase2-Info.plist";
				PRODUCT_NAME = "$(TARGET_NAME)";
				WRAPPER_EXTENSION = app;
			};
			name = Release;
		};
		B19A9FDA199AF3AB004D6430 /* Debug */ = {
			isa = XCBuildConfiguration;
			buildSettings = {
				BUNDLE_LOADER = "$(BUILT_PRODUCTS_DIR)/LostCharacterDatabase2.app/LostCharacterDatabase2";
				FRAMEWORK_SEARCH_PATHS = (
					"$(SDKROOT)/Developer/Library/Frameworks",
					"$(inherited)",
					"$(DEVELOPER_FRAMEWORKS_DIR)",
				);
				GCC_PRECOMPILE_PREFIX_HEADER = YES;
				GCC_PREFIX_HEADER = "LostCharacterDatabase2/LostCharacterDatabase2-Prefix.pch";
				GCC_PREPROCESSOR_DEFINITIONS = (
					"DEBUG=1",
					"$(inherited)",
				);
				INFOPLIST_FILE = "LostCharacterDatabase2Tests/LostCharacterDatabase2Tests-Info.plist";
				PRODUCT_NAME = "$(TARGET_NAME)";
				TEST_HOST = "$(BUNDLE_LOADER)";
				WRAPPER_EXTENSION = xctest;
			};
			name = Debug;
		};
		B19A9FDB199AF3AB004D6430 /* Release */ = {
			isa = XCBuildConfiguration;
			buildSettings = {
				BUNDLE_LOADER = "$(BUILT_PRODUCTS_DIR)/LostCharacterDatabase2.app/LostCharacterDatabase2";
				FRAMEWORK_SEARCH_PATHS = (
					"$(SDKROOT)/Developer/Library/Frameworks",
					"$(inherited)",
					"$(DEVELOPER_FRAMEWORKS_DIR)",
				);
				GCC_PRECOMPILE_PREFIX_HEADER = YES;
				GCC_PREFIX_HEADER = "LostCharacterDatabase2/LostCharacterDatabase2-Prefix.pch";
				INFOPLIST_FILE = "LostCharacterDatabase2Tests/LostCharacterDatabase2Tests-Info.plist";
				PRODUCT_NAME = "$(TARGET_NAME)";
				TEST_HOST = "$(BUNDLE_LOADER)";
				WRAPPER_EXTENSION = xctest;
			};
			name = Release;
		};
/* End XCBuildConfiguration section */

/* Begin XCConfigurationList section */
		B19A9F96199AF3AB004D6430 /* Build configuration list for PBXProject "LostCharacterDatabase2" */ = {
			isa = XCConfigurationList;
			buildConfigurations = (
				B19A9FD4199AF3AB004D6430 /* Debug */,
				B19A9FD5199AF3AB004D6430 /* Release */,
			);
			defaultConfigurationIsVisible = 0;
			defaultConfigurationName = Release;
		};
		B19A9FD6199AF3AB004D6430 /* Build configuration list for PBXNativeTarget "LostCharacterDatabase2" */ = {
			isa = XCConfigurationList;
			buildConfigurations = (
				B19A9FD7199AF3AB004D6430 /* Debug */,
				B19A9FD8199AF3AB004D6430 /* Release */,
			);
			defaultConfigurationIsVisible = 0;
		};
		B19A9FD9199AF3AB004D6430 /* Build configuration list for PBXNativeTarget "LostCharacterDatabase2Tests" */ = {
			isa = XCConfigurationList;
			buildConfigurations = (
				B19A9FDA199AF3AB004D6430 /* Debug */,
				B19A9FDB199AF3AB004D6430 /* Release */,
			);
			defaultConfigurationIsVisible = 0;
		};
/* End XCConfigurationList section */

/* Begin XCVersionGroup section */
		B19A9FB5199AF3AB004D6430 /* LostCharacterDatabase2.xcdatamodeld */ = {
			isa = XCVersionGroup;
			children = (
				B19A9FB6199AF3AB004D6430 /* LostCharacterDatabase2.xcdatamodel */,
			);
			currentVersion = B19A9FB6199AF3AB004D6430 /* LostCharacterDatabase2.xcdatamodel */;
			path = LostCharacterDatabase2.xcdatamodeld;
			sourceTree = "<group>";
			versionGroupType = wrapper.xcdatamodel;
		};
/* End XCVersionGroup section */
	};
	rootObject = B19A9F93199AF3AB004D6430 /* Project object */;
}
